
Microsoft Visual Studio Solution File, Format Version 12.00
# Visual Studio Version 17
VisualStudioVersion = 17.10.34928.147
MinimumVisualStudioVersion = 10.0.40219.1
Project("{FAE04EC0-301F-11D3-BF4B-00C04F79EFBC}") = "QLTHUVIEN", "QLTHUVIEN\QLTHUVIEN.csproj", "{8A6D6E1D-EE7F-4912-8D1F-72DA9DB93959}"
EndProject
Global
	GlobalSection(SolutionConfigurationPlatforms) = preSolution
		Debug|Any CPU = Debug|Any CPU
		Release|Any CPU = Release|Any CPU
	EndGlobalSection
	GlobalSection(ProjectConfigurationPlatforms) = postSolution
		{8A6D6E1D-EE7F-4912-8D1F-72DA9DB93959}.Debug|Any CPU.ActiveCfg = Debug|Any CPU
		{8A6D6E1D-EE7F-4912-8D1F-72DA9DB93959}.Debug|Any CPU.Build.0 = Debug|Any CPU
		{8A6D6E1D-EE7F-4912-8D1F-72DA9DB93959}.Release|Any CPU.ActiveCfg = Release|Any CPU
		{8A6D6E1D-EE7F-4912-8D1F-72DA9DB93959}.Release|Any CPU.Build.0 = Release|Any CPU
	EndGlobalSection
	GlobalSection(SolutionProperties) = preSolution
		HideSolutionNode = FALSE
	EndGlobalSection
	GlobalSection(ExtensibilityGlobals) = postSolution
		SolutionGuid = {67141050-5168-4608-ABE7-4251528133F7}
	EndGlobalSection
EndGlobal
